// !$*UTF8*$!
{
	archiveVersion = 1;
	classes = {
	};
	objectVersion = 56;
	objects = {

/* Begin PBXBuildFile section */
		48E382082AB1ECF000783BDA /* AppDelegate.swift in Sources */ = {isa = PBXBuildFile; fileRef = 48E382072AB1ECF000783BDA /* AppDelegate.swift */; };
		48E3820A2AB1ECF000783BDA /* SceneDelegate.swift in Sources */ = {isa = PBXBuildFile; fileRef = 48E382092AB1ECF000783BDA /* SceneDelegate.swift */; };
		48E3820C2AB1ECF000783BDA /* ViewController.swift in Sources */ = {isa = PBXBuildFile; fileRef = 48E3820B2AB1ECF000783BDA /* ViewController.swift */; };
		48E3820F2AB1ECF000783BDA /* Main.storyboard in Resources */ = {isa = PBXBuildFile; fileRef = 48E3820D2AB1ECF000783BDA /* Main.storyboard */; };
		48E382112AB1ECF300783BDA /* Assets.xcassets in Resources */ = {isa = PBXBuildFile; fileRef = 48E382102AB1ECF300783BDA /* Assets.xcassets */; };
		48E382142AB1ECF300783BDA /* LaunchScreen.storyboard in Resources */ = {isa = PBXBuildFile; fileRef = 48E382122AB1ECF300783BDA /* LaunchScreen.storyboard */; };
		48E3821F2AB1ECF300783BDA /* yuvgudoshnikovaPW1Tests.swift in Sources */ = {isa = PBXBuildFile; fileRef = 48E3821E2AB1ECF300783BDA /* yuvgudoshnikovaPW1Tests.swift */; };
		48E382292AB1ECF300783BDA /* yuvgudoshnikovaPW1UITests.swift in Sources */ = {isa = PBXBuildFile; fileRef = 48E382282AB1ECF300783BDA /* yuvgudoshnikovaPW1UITests.swift */; };
		48E3822B2AB1ECF300783BDA /* yuvgudoshnikovaPW1UITestsLaunchTests.swift in Sources */ = {isa = PBXBuildFile; fileRef = 48E3822A2AB1ECF300783BDA /* yuvgudoshnikovaPW1UITestsLaunchTests.swift */; };
/* End PBXBuildFile section */

/* Begin PBXContainerItemProxy section */
		48E3821B2AB1ECF300783BDA /* PBXContainerItemProxy */ = {
			isa = PBXContainerItemProxy;
			containerPortal = 48E381FC2AB1ECF000783BDA /* Project object */;
			proxyType = 1;
			remoteGlobalIDString = 48E382032AB1ECF000783BDA;
			remoteInfo = yuvgudoshnikovaPW1;
		};
		48E382252AB1ECF300783BDA /* PBXContainerItemProxy */ = {
			isa = PBXContainerItemProxy;
			containerPortal = 48E381FC2AB1ECF000783BDA /* Project object */;
			proxyType = 1;
			remoteGlobalIDString = 48E382032AB1ECF000783BDA;
			remoteInfo = yuvgudoshnikovaPW1;
		};
/* End PBXContainerItemProxy section */

/* Begin PBXFileReference section */
		48E382042AB1ECF000783BDA /* yuvgudoshnikovaPW1.app */ = {isa = PBXFileReference; explicitFileType = wrapper.application; includeInIndex = 0; path = yuvgudoshnikovaPW1.app; sourceTree = BUILT_PRODUCTS_DIR; };
		48E382072AB1ECF000783BDA /* AppDelegate.swift */ = {isa = PBXFileReference; lastKnownFileType = sourcecode.swift; path = AppDelegate.swift; sourceTree = "<group>"; };
		48E382092AB1ECF000783BDA /* SceneDelegate.swift */ = {isa = PBXFileReference; lastKnownFileType = sourcecode.swift; path = SceneDelegate.swift; sourceTree = "<group>"; };
		48E3820B2AB1ECF000783BDA /* ViewController.swift */ = {isa = PBXFileReference; lastKnownFileType = sourcecode.swift; path = ViewController.swift; sourceTree = "<group>"; };
		48E3820E2AB1ECF000783BDA /* Base */ = {isa = PBXFileReference; lastKnownFileType = file.storyboard; name = Base; path = Base.lproj/Main.storyboard; sourceTree = "<group>"; };
		48E382102AB1ECF300783BDA /* Assets.xcassets */ = {isa = PBXFileReference; lastKnownFileType = folder.assetcatalog; path = Assets.xcassets; sourceTree = "<group>"; };
		48E382132AB1ECF300783BDA /* Base */ = {isa = PBXFileReference; lastKnownFileType = file.storyboard; name = Base; path = Base.lproj/LaunchScreen.storyboard; sourceTree = "<group>"; };
		48E382152AB1ECF300783BDA /* Info.plist */ = {isa = PBXFileReference; lastKnownFileType = text.plist.xml; path = Info.plist; sourceTree = "<group>"; };
		48E3821A2AB1ECF300783BDA /* yuvgudoshnikovaPW1Tests.xctest */ = {isa = PBXFileReference; explicitFileType = wrapper.cfbundle; includeInIndex = 0; path = yuvgudoshnikovaPW1Tests.xctest; sourceTree = BUILT_PRODUCTS_DIR; };
		48E3821E2AB1ECF300783BDA /* yuvgudoshnikovaPW1Tests.swift */ = {isa = PBXFileReference; lastKnownFileType = sourcecode.swift; path = yuvgudoshnikovaPW1Tests.swift; sourceTree = "<group>"; };
		48E382242AB1ECF300783BDA /* yuvgudoshnikovaPW1UITests.xctest */ = {isa = PBXFileReference; explicitFileType = wrapper.cfbundle; includeInIndex = 0; path = yuvgudoshnikovaPW1UITests.xctest; sourceTree = BUILT_PRODUCTS_DIR; };
		48E382282AB1ECF300783BDA /* yuvgudoshnikovaPW1UITests.swift */ = {isa = PBXFileReference; lastKnownFileType = sourcecode.swift; path = yuvgudoshnikovaPW1UITests.swift; sourceTree = "<group>"; };
		48E3822A2AB1ECF300783BDA /* yuvgudoshnikovaPW1UITestsLaunchTests.swift */ = {isa = PBXFileReference; lastKnownFileType = sourcecode.swift; path = yuvgudoshnikovaPW1UITestsLaunchTests.swift; sourceTree = "<group>"; };
/* End PBXFileReference section */

/* Begin PBXFrameworksBuildPhase section */
		48E382012AB1ECF000783BDA /* Frameworks */ = {
			isa = PBXFrameworksBuildPhase;
			buildActionMask = 2147483647;
			files = (
			);
			runOnlyForDeploymentPostprocessing = 0;
		};
		48E382172AB1ECF300783BDA /* Frameworks */ = {
			isa = PBXFrameworksBuildPhase;
			buildActionMask = 2147483647;
			files = (
			);
			runOnlyForDeploymentPostprocessing = 0;
		};
		48E382212AB1ECF300783BDA /* Frameworks */ = {
			isa = PBXFrameworksBuildPhase;
			buildActionMask = 2147483647;
			files = (
			);
			runOnlyForDeploymentPostprocessing = 0;
		};
/* End PBXFrameworksBuildPhase section */

/* Begin PBXGroup section */
		48E381FB2AB1ECF000783BDA = {
			isa = PBXGroup;
			children = (
				48E382062AB1ECF000783BDA /* yuvgudoshnikovaPW1 */,
				48E3821D2AB1ECF300783BDA /* yuvgudoshnikovaPW1Tests */,
				48E382272AB1ECF300783BDA /* yuvgudoshnikovaPW1UITests */,
				48E382052AB1ECF000783BDA /* Products */,
			);
			sourceTree = "<group>";
		};
		48E382052AB1ECF000783BDA /* Products */ = {
			isa = PBXGroup;
			children = (
				48E382042AB1ECF000783BDA /* yuvgudoshnikovaPW1.app */,
				48E3821A2AB1ECF300783BDA /* yuvgudoshnikovaPW1Tests.xctest */,
				48E382242AB1ECF300783BDA /* yuvgudoshnikovaPW1UITests.xctest */,
			);
			name = Products;
			sourceTree = "<group>";
		};
		48E382062AB1ECF000783BDA /* yuvgudoshnikovaPW1 */ = {
			isa = PBXGroup;
			children = (
				48E382072AB1ECF000783BDA /* AppDelegate.swift */,
				48E382092AB1ECF000783BDA /* SceneDelegate.swift */,
				48E3820B2AB1ECF000783BDA /* ViewController.swift */,
				48E3820D2AB1ECF000783BDA /* Main.storyboard */,
				48E382102AB1ECF300783BDA /* Assets.xcassets */,
				48E382122AB1ECF300783BDA /* LaunchScreen.storyboard */,
				48E382152AB1ECF300783BDA /* Info.plist */,
			);
			path = yuvgudoshnikovaPW1;
			sourceTree = "<group>";
		};
		48E3821D2AB1ECF300783BDA /* yuvgudoshnikovaPW1Tests */ = {
			isa = PBXGroup;
			children = (
				48E3821E2AB1ECF300783BDA /* yuvgudoshnikovaPW1Tests.swift */,
			);
			path = yuvgudoshnikovaPW1Tests;
			sourceTree = "<group>";
		};
		48E382272AB1ECF300783BDA /* yuvgudoshnikovaPW1UITests */ = {
			isa = PBXGroup;
			children = (
				48E382282AB1ECF300783BDA /* yuvgudoshnikovaPW1UITests.swift */,
				48E3822A2AB1ECF300783BDA /* yuvgudoshnikovaPW1UITestsLaunchTests.swift */,
			);
			path = yuvgudoshnikovaPW1UITests;
			sourceTree = "<group>";
		};
/* End PBXGroup section */

/* Begin PBXNativeTarget section */
		48E382032AB1ECF000783BDA /* yuvgudoshnikovaPW1 */ = {
			isa = PBXNativeTarget;
			buildConfigurationList = 48E3822E2AB1ECF300783BDA /* Build configuration list for PBXNativeTarget "yuvgudoshnikovaPW1" */;
			buildPhases = (
				48E382002AB1ECF000783BDA /* Sources */,
				48E382012AB1ECF000783BDA /* Frameworks */,
				48E382022AB1ECF000783BDA /* Resources */,
			);
			buildRules = (
			);
			dependencies = (
			);
			name = yuvgudoshnikovaPW1;
			productName = yuvgudoshnikovaPW1;
			productReference = 48E382042AB1ECF000783BDA /* yuvgudoshnikovaPW1.app */;
			productType = "com.apple.product-type.application";
		};
		48E382192AB1ECF300783BDA /* yuvgudoshnikovaPW1Tests */ = {
			isa = PBXNativeTarget;
			buildConfigurationList = 48E382312AB1ECF300783BDA /* Build configuration list for PBXNativeTarget "yuvgudoshnikovaPW1Tests" */;
			buildPhases = (
				48E382162AB1ECF300783BDA /* Sources */,
				48E382172AB1ECF300783BDA /* Frameworks */,
				48E382182AB1ECF300783BDA /* Resources */,
			);
			buildRules = (
			);
			dependencies = (
				48E3821C2AB1ECF300783BDA /* PBXTargetDependency */,
			);
			name = yuvgudoshnikovaPW1Tests;
			productName = yuvgudoshnikovaPW1Tests;
			productReference = 48E3821A2AB1ECF300783BDA /* yuvgudoshnikovaPW1Tests.xctest */;
			productType = "com.apple.product-type.bundle.unit-test";
		};
		48E382232AB1ECF300783BDA /* yuvgudoshnikovaPW1UITests */ = {
			isa = PBXNativeTarget;
			buildConfigurationList = 48E382342AB1ECF300783BDA /* Build configuration list for PBXNativeTarget "yuvgudoshnikovaPW1UITests" */;
			buildPhases = (
				48E382202AB1ECF300783BDA /* Sources */,
				48E382212AB1ECF300783BDA /* Frameworks */,
				48E382222AB1ECF300783BDA /* Resources */,
			);
			buildRules = (
			);
			dependencies = (
				48E382262AB1ECF300783BDA /* PBXTargetDependency */,
			);
			name = yuvgudoshnikovaPW1UITests;
			productName = yuvgudoshnikovaPW1UITests;
			productReference = 48E382242AB1ECF300783BDA /* yuvgudoshnikovaPW1UITests.xctest */;
			productType = "com.apple.product-type.bundle.ui-testing";
		};
/* End PBXNativeTarget section */

/* Begin PBXProject section */
		48E381FC2AB1ECF000783BDA /* Project object */ = {
			isa = PBXProject;
			attributes = {
				BuildIndependentTargetsInParallel = 1;
				LastSwiftUpdateCheck = 1430;
				LastUpgradeCheck = 1430;
				TargetAttributes = {
					48E382032AB1ECF000783BDA = {
						CreatedOnToolsVersion = 14.3.1;
					};
					48E382192AB1ECF300783BDA = {
						CreatedOnToolsVersion = 14.3.1;
						TestTargetID = 48E382032AB1ECF000783BDA;
					};
					48E382232AB1ECF300783BDA = {
						CreatedOnToolsVersion = 14.3.1;
						TestTargetID = 48E382032AB1ECF000783BDA;
					};
				};
			};
			buildConfigurationList = 48E381FF2AB1ECF000783BDA /* Build configuration list for PBXProject "yuvgudoshnikovaPW1" */;
			compatibilityVersion = "Xcode 14.0";
			developmentRegion = en;
			hasScannedForEncodings = 0;
			knownRegions = (
				en,
				Base,
			);
			mainGroup = 48E381FB2AB1ECF000783BDA;
			productRefGroup = 48E382052AB1ECF000783BDA /* Products */;
			projectDirPath = "";
			projectRoot = "";
			targets = (
				48E382032AB1ECF000783BDA /* yuvgudoshnikovaPW1 */,
				48E382192AB1ECF300783BDA /* yuvgudoshnikovaPW1Tests */,
				48E382232AB1ECF300783BDA /* yuvgudoshnikovaPW1UITests */,
			);
		};
/* End PBXProject section */

/* Begin PBXResourcesBuildPhase section */
		48E382022AB1ECF000783BDA /* Resources */ = {
			isa = PBXResourcesBuildPhase;
			buildActionMask = 2147483647;
			files = (
				48E382142AB1ECF300783BDA /* LaunchScreen.storyboard in Resources */,
				48E382112AB1ECF300783BDA /* Assets.xcassets in Resources */,
				48E3820F2AB1ECF000783BDA /* Main.storyboard in Resources */,
			);
			runOnlyForDeploymentPostprocessing = 0;
		};
		48E382182AB1ECF300783BDA /* Resources */ = {
			isa = PBXResourcesBuildPhase;
			buildActionMask = 2147483647;
			files = (
			);
			runOnlyForDeploymentPostprocessing = 0;
		};
		48E382222AB1ECF300783BDA /* Resources */ = {
			isa = PBXResourcesBuildPhase;
			buildActionMask = 2147483647;
			files = (
			);
			runOnlyForDeploymentPostprocessing = 0;
		};
/* End PBXResourcesBuildPhase section */

/* Begin PBXSourcesBuildPhase section */
		48E382002AB1ECF000783BDA /* Sources */ = {
			isa = PBXSourcesBuildPhase;
			buildActionMask = 2147483647;
			files = (
				48E3820C2AB1ECF000783BDA /* ViewController.swift in Sources */,
				48E382082AB1ECF000783BDA /* AppDelegate.swift in Sources */,
				48E3820A2AB1ECF000783BDA /* SceneDelegate.swift in Sources */,
			);
			runOnlyForDeploymentPostprocessing = 0;
		};
		48E382162AB1ECF300783BDA /* Sources */ = {
			isa = PBXSourcesBuildPhase;
			buildActionMask = 2147483647;
			files = (
				48E3821F2AB1ECF300783BDA /* yuvgudoshnikovaPW1Tests.swift in Sources */,
			);
			runOnlyForDeploymentPostprocessing = 0;
		};
		48E382202AB1ECF300783BDA /* Sources */ = {
			isa = PBXSourcesBuildPhase;
			buildActionMask = 2147483647;
			files = (
				48E3822B2AB1ECF300783BDA /* yuvgudoshnikovaPW1UITestsLaunchTests.swift in Sources */,
				48E382292AB1ECF300783BDA /* yuvgudoshnikovaPW1UITests.swift in Sources */,
			);
			runOnlyForDeploymentPostprocessing = 0;
		};
/* End PBXSourcesBuildPhase section */

/* Begin PBXTargetDependency section */
		48E3821C2AB1ECF300783BDA /* PBXTargetDependency */ = {
			isa = PBXTargetDependency;
			target = 48E382032AB1ECF000783BDA /* yuvgudoshnikovaPW1 */;
			targetProxy = 48E3821B2AB1ECF300783BDA /* PBXContainerItemProxy */;
		};
		48E382262AB1ECF300783BDA /* PBXTargetDependency */ = {
			isa = PBXTargetDependency;
			target = 48E382032AB1ECF000783BDA /* yuvgudoshnikovaPW1 */;
			targetProxy = 48E382252AB1ECF300783BDA /* PBXContainerItemProxy */;
		};
/* End PBXTargetDependency section */

/* Begin PBXVariantGroup section */
		48E3820D2AB1ECF000783BDA /* Main.storyboard */ = {
			isa = PBXVariantGroup;
			children = (
				48E3820E2AB1ECF000783BDA /* Base */,
			);
			name = Main.storyboard;
			sourceTree = "<group>";
		};
		48E382122AB1ECF300783BDA /* LaunchScreen.storyboard */ = {
			isa = PBXVariantGroup;
			children = (
				48E382132AB1ECF300783BDA /* Base */,
			);
			name = LaunchScreen.storyboard;
			sourceTree = "<group>";
		};
/* End PBXVariantGroup section */

/* Begin XCBuildConfiguration section */
		48E3822C2AB1ECF300783BDA /* Debug */ = {
			isa = XCBuildConfiguration;
			buildSettings = {
				ALWAYS_SEARCH_USER_PATHS = NO;
				CLANG_ANALYZER_NONNULL = YES;
				CLANG_ANALYZER_NUMBER_OBJECT_CONVERSION = YES_AGGRESSIVE;
				CLANG_CXX_LANGUAGE_STANDARD = "gnu++20";
				CLANG_ENABLE_MODULES = YES;
				CLANG_ENABLE_OBJC_ARC = YES;
				CLANG_ENABLE_OBJC_WEAK = YES;
				CLANG_WARN_BLOCK_CAPTURE_AUTORELEASING = YES;
				CLANG_WARN_BOOL_CONVERSION = YES;
				CLANG_WARN_COMMA = YES;
				CLANG_WARN_CONSTANT_CONVERSION = YES;
				CLANG_WARN_DEPRECATED_OBJC_IMPLEMENTATIONS = YES;
				CLANG_WARN_DIRECT_OBJC_ISA_USAGE = YES_ERROR;
				CLANG_WARN_DOCUMENTATION_COMMENTS = YES;
				CLANG_WARN_EMPTY_BODY = YES;
				CLANG_WARN_ENUM_CONVERSION = YES;
				CLANG_WARN_INFINITE_RECURSION = YES;
				CLANG_WARN_INT_CONVERSION = YES;
				CLANG_WARN_NON_LITERAL_NULL_CONVERSION = YES;
				CLANG_WARN_OBJC_IMPLICIT_RETAIN_SELF = YES;
				CLANG_WARN_OBJC_LITERAL_CONVERSION = YES;
				CLANG_WARN_OBJC_ROOT_CLASS = YES_ERROR;
				CLANG_WARN_QUOTED_INCLUDE_IN_FRAMEWORK_HEADER = YES;
				CLANG_WARN_RANGE_LOOP_ANALYSIS = YES;
				CLANG_WARN_STRICT_PROTOTYPES = YES;
				CLANG_WARN_SUSPICIOUS_MOVE = YES;
				CLANG_WARN_UNGUARDED_AVAILABILITY = YES_AGGRESSIVE;
				CLANG_WARN_UNREACHABLE_CODE = YES;
				CLANG_WARN__DUPLICATE_METHOD_MATCH = YES;
				COPY_PHASE_STRIP = NO;
				DEBUG_INFORMATION_FORMAT = dwarf;
				ENABLE_STRICT_OBJC_MSGSEND = YES;
				ENABLE_TESTABILITY = YES;
				GCC_C_LANGUAGE_STANDARD = gnu11;
				GCC_DYNAMIC_NO_PIC = NO;
				GCC_NO_COMMON_BLOCKS = YES;
				GCC_OPTIMIZATION_LEVEL = 0;
				GCC_PREPROCESSOR_DEFINITIONS = (
					"DEBUG=1",
					"$(inherited)",
				);
				GCC_WARN_64_TO_32_BIT_CONVERSION = YES;
				GCC_WARN_ABOUT_RETURN_TYPE = YES_ERROR;
				GCC_WARN_UNDECLARED_SELECTOR = YES;
				GCC_WARN_UNINITIALIZED_AUTOS = YES_AGGRESSIVE;
				GCC_WARN_UNUSED_FUNCTION = YES;
				GCC_WARN_UNUSED_VARIABLE = YES;
				IPHONEOS_DEPLOYMENT_TARGET = 16.4;
				MTL_ENABLE_DEBUG_INFO = INCLUDE_SOURCE;
				MTL_FAST_MATH = YES;
				ONLY_ACTIVE_ARCH = YES;
				SDKROOT = iphoneos;
				SWIFT_ACTIVE_COMPILATION_CONDITIONS = DEBUG;
				SWIFT_OPTIMIZATION_LEVEL = "-Onone";
			};
			name = Debug;
		};
		48E3822D2AB1ECF300783BDA /* Release */ = {
			isa = XCBuildConfiguration;
			buildSettings = {
				ALWAYS_SEARCH_USER_PATHS = NO;
				CLANG_ANALYZER_NONNULL = YES;
				CLANG_ANALYZER_NUMBER_OBJECT_CONVERSION = YES_AGGRESSIVE;
				CLANG_CXX_LANGUAGE_STANDARD = "gnu++20";
				CLANG_ENABLE_MODULES = YES;
				CLANG_ENABLE_OBJC_ARC = YES;
				CLANG_ENABLE_OBJC_WEAK = YES;
				CLANG_WARN_BLOCK_CAPTURE_AUTORELEASING = YES;
				CLANG_WARN_BOOL_CONVERSION = YES;
				CLANG_WARN_COMMA = YES;
				CLANG_WARN_CONSTANT_CONVERSION = YES;
				CLANG_WARN_DEPRECATED_OBJC_IMPLEMENTATIONS = YES;
				CLANG_WARN_DIRECT_OBJC_ISA_USAGE = YES_ERROR;
				CLANG_WARN_DOCUMENTATION_COMMENTS = YES;
				CLANG_WARN_EMPTY_BODY = YES;
				CLANG_WARN_ENUM_CONVERSION = YES;
				CLANG_WARN_INFINITE_RECURSION = YES;
				CLANG_WARN_INT_CONVERSION = YES;
				CLANG_WARN_NON_LITERAL_NULL_CONVERSION = YES;
				CLANG_WARN_OBJC_IMPLICIT_RETAIN_SELF = YES;
				CLANG_WARN_OBJC_LITERAL_CONVERSION = YES;
				CLANG_WARN_OBJC_ROOT_CLASS = YES_ERROR;
				CLANG_WARN_QUOTED_INCLUDE_IN_FRAMEWORK_HEADER = YES;
				CLANG_WARN_RANGE_LOOP_ANALYSIS = YES;
				CLANG_WARN_STRICT_PROTOTYPES = YES;
				CLANG_WARN_SUSPICIOUS_MOVE = YES;
				CLANG_WARN_UNGUARDED_AVAILABILITY = YES_AGGRESSIVE;
				CLANG_WARN_UNREACHABLE_CODE = YES;
				CLANG_WARN__DUPLICATE_METHOD_MATCH = YES;
				COPY_PHASE_STRIP = NO;
				DEBUG_INFORMATION_FORMAT = "dwarf-with-dsym";
				ENABLE_NS_ASSERTIONS = NO;
				ENABLE_STRICT_OBJC_MSGSEND = YES;
				GCC_C_LANGUAGE_STANDARD = gnu11;
				GCC_NO_COMMON_BLOCKS = YES;
				GCC_WARN_64_TO_32_BIT_CONVERSION = YES;
				GCC_WARN_ABOUT_RETURN_TYPE = YES_ERROR;
				GCC_WARN_UNDECLARED_SELECTOR = YES;
				GCC_WARN_UNINITIALIZED_AUTOS = YES_AGGRESSIVE;
				GCC_WARN_UNUSED_FUNCTION = YES;
				GCC_WARN_UNUSED_VARIABLE = YES;
				IPHONEOS_DEPLOYMENT_TARGET = 16.4;
				MTL_ENABLE_DEBUG_INFO = NO;
				MTL_FAST_MATH = YES;
				SDKROOT = iphoneos;
				SWIFT_COMPILATION_MODE = wholemodule;
				SWIFT_OPTIMIZATION_LEVEL = "-O";
				VALIDATE_PRODUCT = YES;
			};
			name = Release;
		};
		48E3822F2AB1ECF300783BDA /* Debug */ = {
			isa = XCBuildConfiguration;
			buildSettings = {
				ASSETCATALOG_COMPILER_APPICON_NAME = AppIcon;
				ASSETCATALOG_COMPILER_GLOBAL_ACCENT_COLOR_NAME = AccentColor;
				CODE_SIGN_STYLE = Automatic;
				CURRENT_PROJECT_VERSION = 1;
				DEVELOPMENT_TEAM = 7Q94L4HLT8;
				GENERATE_INFOPLIST_FILE = YES;
				INFOPLIST_FILE = yuvgudoshnikovaPW1/Info.plist;
				INFOPLIST_KEY_UIApplicationSupportsIndirectInputEvents = YES;
				INFOPLIST_KEY_UILaunchStoryboardName = LaunchScreen;
				INFOPLIST_KEY_UIMainStoryboardFile = Main;
				INFOPLIST_KEY_UISupportedInterfaceOrientations_iPad = "UIInterfaceOrientationPortrait UIInterfaceOrientationPortraitUpsideDown UIInterfaceOrientationLandscapeLeft UIInterfaceOrientationLandscapeRight";
				INFOPLIST_KEY_UISupportedInterfaceOrientations_iPhone = "UIInterfaceOrientationPortrait UIInterfaceOrientationLandscapeLeft UIInterfaceOrientationLandscapeRight";
				LD_RUNPATH_SEARCH_PATHS = (
					"$(inherited)",
					"@executable_path/Frameworks",
				);
				MARKETING_VERSION = 1.0;
				PRODUCT_BUNDLE_IDENTIFIER = BaseOfIOS.yuvgudoshnikovaPW1;
				PRODUCT_NAME = "$(TARGET_NAME)";
				SWIFT_EMIT_LOC_STRINGS = YES;
				SWIFT_VERSION = 5.0;
				TARGETED_DEVICE_FAMILY = "1,2";
			};
			name = Debug;
		};
		48E382302AB1ECF300783BDA /* Release */ = {
			isa = XCBuildConfiguration;
			buildSettings = {
				ASSETCATALOG_COMPILER_APPICON_NAME = AppIcon;
				ASSETCATALOG_COMPILER_GLOBAL_ACCENT_COLOR_NAME = AccentColor;
				CODE_SIGN_STYLE = Automatic;
				CURRENT_PROJECT_VERSION = 1;
				DEVELOPMENT_TEAM = 7Q94L4HLT8;
				GENERATE_INFOPLIST_FILE = YES;
				INFOPLIST_FILE = yuvgudoshnikovaPW1/Info.plist;
				INFOPLIST_KEY_UIApplicationSupportsIndirectInputEvents = YES;
				INFOPLIST_KEY_UILaunchStoryboardName = LaunchScreen;
				INFOPLIST_KEY_UIMainStoryboardFile = Main;
				INFOPLIST_KEY_UISupportedInterfaceOrientations_iPad = "UIInterfaceOrientationPortrait UIInterfaceOrientationPortraitUpsideDown UIInterfaceOrientationLandscapeLeft UIInterfaceOrientationLandscapeRight";
				INFOPLIST_KEY_UISupportedInterfaceOrientations_iPhone = "UIInterfaceOrientationPortrait UIInterfaceOrientationLandscapeLeft UIInterfaceOrientationLandscapeRight";
				LD_RUNPATH_SEARCH_PATHS = (
					"$(inherited)",
					"@executable_path/Frameworks",
				);
				MARKETING_VERSION = 1.0;
				PRODUCT_BUNDLE_IDENTIFIER = BaseOfIOS.yuvgudoshnikovaPW1;
				PRODUCT_NAME = "$(TARGET_NAME)";
				SWIFT_EMIT_LOC_STRINGS = YES;
				SWIFT_VERSION = 5.0;
				TARGETED_DEVICE_FAMILY = "1,2";
			};
			name = Release;
		};
		48E382322AB1ECF300783BDA /* Debug */ = {
			isa = XCBuildConfiguration;
			buildSettings = {
				ALWAYS_EMBED_SWIFT_STANDARD_LIBRARIES = YES;
				BUNDLE_LOADER = "$(TEST_HOST)";
				CODE_SIGN_STYLE = Automatic;
				CURRENT_PROJECT_VERSION = 1;
				DEVELOPMENT_TEAM = 7Q94L4HLT8;
				GENERATE_INFOPLIST_FILE = YES;
				IPHONEOS_DEPLOYMENT_TARGET = 16.4;
				MARKETING_VERSION = 1.0;
				PRODUCT_BUNDLE_IDENTIFIER = BaseOfIOS.yuvgudoshnikovaPW1Tests;
				PRODUCT_NAME = "$(TARGET_NAME)";
				SWIFT_EMIT_LOC_STRINGS = NO;
				SWIFT_VERSION = 5.0;
				TARGETED_DEVICE_FAMILY = "1,2";
				TEST_HOST = "$(BUILT_PRODUCTS_DIR)/yuvgudoshnikovaPW1.app/$(BUNDLE_EXECUTABLE_FOLDER_PATH)/yuvgudoshnikovaPW1";
			};
			name = Debug;
		};
		48E382332AB1ECF300783BDA /* Release */ = {
			isa = XCBuildConfiguration;
			buildSettings = {
				ALWAYS_EMBED_SWIFT_STANDARD_LIBRARIES = YES;
				BUNDLE_LOADER = "$(TEST_HOST)";
				CODE_SIGN_STYLE = Automatic;
				CURRENT_PROJECT_VERSION = 1;
				DEVELOPMENT_TEAM = 7Q94L4HLT8;
				GENERATE_INFOPLIST_FILE = YES;
				IPHONEOS_DEPLOYMENT_TARGET = 16.4;
				MARKETING_VERSION = 1.0;
				PRODUCT_BUNDLE_IDENTIFIER = BaseOfIOS.yuvgudoshnikovaPW1Tests;
				PRODUCT_NAME = "$(TARGET_NAME)";
				SWIFT_EMIT_LOC_STRINGS = NO;
				SWIFT_VERSION = 5.0;
				TARGETED_DEVICE_FAMILY = "1,2";
				TEST_HOST = "$(BUILT_PRODUCTS_DIR)/yuvgudoshnikovaPW1.app/$(BUNDLE_EXECUTABLE_FOLDER_PATH)/yuvgudoshnikovaPW1";
			};
			name = Release;
		};
		48E382352AB1ECF300783BDA /* Debug */ = {
			isa = XCBuildConfiguration;
			buildSettings = {
				ALWAYS_EMBED_SWIFT_STANDARD_LIBRARIES = YES;
				CODE_SIGN_STYLE = Automatic;
				CURRENT_PROJECT_VERSION = 1;
				DEVELOPMENT_TEAM = 7Q94L4HLT8;
				GENERATE_INFOPLIST_FILE = YES;
				MARKETING_VERSION = 1.0;
				PRODUCT_BUNDLE_IDENTIFIER = BaseOfIOS.yuvgudoshnikovaPW1UITests;
				PRODUCT_NAME = "$(TARGET_NAME)";
				SWIFT_EMIT_LOC_STRINGS = NO;
				SWIFT_VERSION = 5.0;
				TARGETED_DEVICE_FAMILY = "1,2";
				TEST_TARGET_NAME = yuvgudoshnikovaPW1;
			};
			name = Debug;
		};
		48E382362AB1ECF300783BDA /* Release */ = {
			isa = XCBuildConfiguration;
			buildSettings = {
				ALWAYS_EMBED_SWIFT_STANDARD_LIBRARIES = YES;
				CODE_SIGN_STYLE = Automatic;
				CURRENT_PROJECT_VERSION = 1;
				DEVELOPMENT_TEAM = 7Q94L4HLT8;
				GENERATE_INFOPLIST_FILE = YES;
				MARKETING_VERSION = 1.0;
				PRODUCT_BUNDLE_IDENTIFIER = BaseOfIOS.yuvgudoshnikovaPW1UITests;
				PRODUCT_NAME = "$(TARGET_NAME)";
				SWIFT_EMIT_LOC_STRINGS = NO;
				SWIFT_VERSION = 5.0;
				TARGETED_DEVICE_FAMILY = "1,2";
				TEST_TARGET_NAME = yuvgudoshnikovaPW1;
			};
			name = Release;
		};
/* End XCBuildConfiguration section */

/* Begin XCConfigurationList section */
		48E381FF2AB1ECF000783BDA /* Build configuration list for PBXProject "yuvgudoshnikovaPW1" */ = {
			isa = XCConfigurationList;
			buildConfigurations = (
				48E3822C2AB1ECF300783BDA /* Debug */,
				48E3822D2AB1ECF300783BDA /* Release */,
			);
			defaultConfigurationIsVisible = 0;
			defaultConfigurationName = Release;
		};
		48E3822E2AB1ECF300783BDA /* Build configuration list for PBXNativeTarget "yuvgudoshnikovaPW1" */ = {
			isa = XCConfigurationList;
			buildConfigurations = (
				48E3822F2AB1ECF300783BDA /* Debug */,
				48E382302AB1ECF300783BDA /* Release */,
			);
			defaultConfigurationIsVisible = 0;
			defaultConfigurationName = Release;
		};
		48E382312AB1ECF300783BDA /* Build configuration list for PBXNativeTarget "yuvgudoshnikovaPW1Tests" */ = {
			isa = XCConfigurationList;
			buildConfigurations = (
				48E382322AB1ECF300783BDA /* Debug */,
				48E382332AB1ECF300783BDA /* Release */,
			);
			defaultConfigurationIsVisible = 0;
			defaultConfigurationName = Release;
		};
		48E382342AB1ECF300783BDA /* Build configuration list for PBXNativeTarget "yuvgudoshnikovaPW1UITests" */ = {
			isa = XCConfigurationList;
			buildConfigurations = (
				48E382352AB1ECF300783BDA /* Debug */,
				48E382362AB1ECF300783BDA /* Release */,
			);
			defaultConfigurationIsVisible = 0;
			defaultConfigurationName = Release;
		};
/* End XCConfigurationList section */
	};
	rootObject = 48E381FC2AB1ECF000783BDA /* Project object */;
}
